
Microsoft Visual Studio Solution File, Format Version 12.00
# Visual Studio Version 17
VisualStudioVersion = 17.4.33213.308
MinimumVisualStudioVersion = 10.0.40219.1
Project("{FAE04EC0-301F-11D3-BF4B-00C04F79EFBC}") = "GUIAO1", "GUIAO1.csproj", "{D614064E-7F21-48B9-B318-C63B20DD1EAE}"
EndProject
Global
	GlobalSection(SolutionConfigurationPlatforms) = preSolution
		Debug|Any CPU = Debug|Any CPU
		Release|Any CPU = Release|Any CPU
	EndGlobalSection
	GlobalSection(ProjectConfigurationPlatforms) = postSolution
		{D614064E-7F21-48B9-B318-C63B20DD1EAE}.Debug|Any CPU.ActiveCfg = Debug|Any CPU
		{D614064E-7F21-48B9-B318-C63B20DD1EAE}.Debug|Any CPU.Build.0 = Debug|Any CPU
		{D614064E-7F21-48B9-B318-C63B20DD1EAE}.Release|Any CPU.ActiveCfg = Release|Any CPU
		{D614064E-7F21-48B9-B318-C63B20DD1EAE}.Release|Any CPU.Build.0 = Release|Any CPU
	EndGlobalSection
	GlobalSection(SolutionProperties) = preSolution
		HideSolutionNode = FALSE
	EndGlobalSection
	GlobalSection(ExtensibilityGlobals) = postSolution
		SolutionGuid = {78DA8470-1C39-436B-AD1C-750C55CADFC6}
	EndGlobalSection
EndGlobal
